<?xml version="1.0" encoding="UTF-8" standalone="yes" ?>
<CodeBlocks_project_file>
	<FileVersion major="1" minor="6" />
	<Project>
		<Option title="PARCIALUNOLABORATORIO" />
		<Option pch_mode="2" />
		<Option compiler="gcc" />
		<Build>
			<Target title="Debug">
				<Option output="bin/Debug/PARCIALUNOLABORATORIO" prefix_auto="1" extension_auto="1" />
				<Option object_output="obj/Debug/" />
				<Option type="1" />
				<Option compiler="gcc" />
				<Compiler>
					<Add option="-g" />
				</Compiler>
			</Target>
			<Target title="Release">
				<Option output="bin/Release/PARCIALUNOLABORATORIO" prefix_auto="1" extension_auto="1" />
				<Option object_output="obj/Release/" />
				<Option type="1" />
				<Option compiler="gcc" />
				<Compiler>
					<Add option="-O2" />
				</Compiler>
				<Linker>
					<Add option="-s" />
				</Linker>
			</Target>
		</Build>
		<Compiler>
			<Add option="-Wall" />
		</Compiler>
		<Unit filename="brand.c">
			<Option compilerVar="CC" />
		</Unit>
		<Unit filename="brand.h" />
		<Unit filename="colors.c">
			<Option compilerVar="CC" />
		</Unit>
		<Unit filename="colors.h" />
		<Unit filename="job.c">
			<Option compilerVar="CC" />
		</Unit>
		<Unit filename="job.h" />
		<Unit filename="main.c">
			<Option compilerVar="CC" />
		</Unit>
		<Unit filename="service.c">
			<Option compilerVar="CC" />
		</Unit>
		<Unit filename="service.h" />
		<Unit filename="showMenuOptione.c">
			<Option compilerVar="CC" />
		</Unit>
		<Unit filename="showMenuOptione.h" />
		<Unit filename="utn.c">
			<Option compilerVar="CC" />
		</Unit>
		<Unit filename="utn.h" />
		<Unit filename="vehiculo.c">
			<Option compilerVar="CC" />
		</Unit>
		<Unit filename="vehiculo.h" />
		<Extensions>
			<lib_finder disable_auto="1" />
		</Extensions>
	</Project>
</CodeBlocks_project_file>
